
Microsoft Visual Studio Solution File, Format Version 12.00
# Visual Studio 15
VisualStudioVersion = 15.0.28307.271
MinimumVisualStudioVersion = 10.0.40219.1
Project("{8BC9CEB8-8B4A-11D0-8D11-00A0C91BC942}") = "smart_pointers", "smart_pointers\smart_pointers.vcxproj", "{07D43F11-8176-4455-8D59-BEBECB4643AA}"
EndProject
Project("{8BC9CEB8-8B4A-11D0-8D11-00A0C91BC942}") = "inizializerInClass_DelegationsOfConstructor", "inizializerInClass_DelegationsOfConstructor\inizializerInClass_DelegationsOfConstructor.vcxproj", "{D2E7FD30-A52D-4BB4-802C-B14B9575CE41}"
EndProject
Global
	GlobalSection(SolutionConfigurationPlatforms) = preSolution
		Debug|x64 = Debug|x64
		Debug|x86 = Debug|x86
		Release|x64 = Release|x64
		Release|x86 = Release|x86
	EndGlobalSection
	GlobalSection(ProjectConfigurationPlatforms) = postSolution
		{07D43F11-8176-4455-8D59-BEBECB4643AA}.Debug|x64.ActiveCfg = Debug|x64
		{07D43F11-8176-4455-8D59-BEBECB4643AA}.Debug|x64.Build.0 = Debug|x64
		{07D43F11-8176-4455-8D59-BEBECB4643AA}.Debug|x86.ActiveCfg = Debug|Win32
		{07D43F11-8176-4455-8D59-BEBECB4643AA}.Debug|x86.Build.0 = Debug|Win32
		{07D43F11-8176-4455-8D59-BEBECB4643AA}.Release|x64.ActiveCfg = Release|x64
		{07D43F11-8176-4455-8D59-BEBECB4643AA}.Release|x64.Build.0 = Release|x64
		{07D43F11-8176-4455-8D59-BEBECB4643AA}.Release|x86.ActiveCfg = Release|Win32
		{07D43F11-8176-4455-8D59-BEBECB4643AA}.Release|x86.Build.0 = Release|Win32
		{D2E7FD30-A52D-4BB4-802C-B14B9575CE41}.Debug|x64.ActiveCfg = Debug|x64
		{D2E7FD30-A52D-4BB4-802C-B14B9575CE41}.Debug|x64.Build.0 = Debug|x64
		{D2E7FD30-A52D-4BB4-802C-B14B9575CE41}.Debug|x86.ActiveCfg = Debug|Win32
		{D2E7FD30-A52D-4BB4-802C-B14B9575CE41}.Debug|x86.Build.0 = Debug|Win32
		{D2E7FD30-A52D-4BB4-802C-B14B9575CE41}.Release|x64.ActiveCfg = Release|x64
		{D2E7FD30-A52D-4BB4-802C-B14B9575CE41}.Release|x64.Build.0 = Release|x64
		{D2E7FD30-A52D-4BB4-802C-B14B9575CE41}.Release|x86.ActiveCfg = Release|Win32
		{D2E7FD30-A52D-4BB4-802C-B14B9575CE41}.Release|x86.Build.0 = Release|Win32
	EndGlobalSection
	GlobalSection(SolutionProperties) = preSolution
		HideSolutionNode = FALSE
	EndGlobalSection
	GlobalSection(ExtensibilityGlobals) = postSolution
		SolutionGuid = {C72C580B-A5B4-4939-B985-A38A3C1CB62E}
	EndGlobalSection
EndGlobal
